{
  "requires": true,
  "lockfileVersion": 1,
  "dependencies": {
    "fancygrid": {
      "version": "1.6.7",
      "resolved": "https://registry.npmjs.org/fancygrid/-/fancygrid-1.6.7.tgz",
      "integrity": "sha512-B7JEKWZrcmgF0mDeVGPDEdk4/X1HZ88oCyrzJ0ID3Hjb+PQDc+71iyGvT3QvK4lqkfoEDxJVU33VcgY2pko2hQ=="
    }
  }
}
